// !$*UTF8*$!
{
	archiveVersion = 1;
	classes = {
	};
	objectVersion = 56;
	objects = {

/* Begin PBXBuildFile section */
		278FCE242B909B0200992398 /* Character.swift in Sources */ = {isa = PBXBuildFile; fileRef = 278FCE232B909B0200992398 /* Character.swift */; };
		278FCE262B90ABEA00992398 /* List.swift in Sources */ = {isa = PBXBuildFile; fileRef = 278FCE252B90ABEA00992398 /* List.swift */; };
		27A60D6A2B8F949C008EC3ED /* AppDelegate.swift in Sources */ = {isa = PBXBuildFile; fileRef = 27A60D692B8F949C008EC3ED /* AppDelegate.swift */; };
		27A60D6C2B8F949C008EC3ED /* SceneDelegate.swift in Sources */ = {isa = PBXBuildFile; fileRef = 27A60D6B2B8F949C008EC3ED /* SceneDelegate.swift */; };
		27A60D6E2B8F949C008EC3ED /* ViewController.swift in Sources */ = {isa = PBXBuildFile; fileRef = 27A60D6D2B8F949C008EC3ED /* ViewController.swift */; };
		27A60D712B8F949C008EC3ED /* Main.storyboard in Resources */ = {isa = PBXBuildFile; fileRef = 27A60D6F2B8F949C008EC3ED /* Main.storyboard */; };
		27A60D732B8F949F008EC3ED /* Assets.xcassets in Resources */ = {isa = PBXBuildFile; fileRef = 27A60D722B8F949F008EC3ED /* Assets.xcassets */; };
		27A60D762B8F949F008EC3ED /* LaunchScreen.storyboard in Resources */ = {isa = PBXBuildFile; fileRef = 27A60D742B8F949F008EC3ED /* LaunchScreen.storyboard */; };
		27A60D822B8F972F008EC3ED /* SelectionTabBar.swift in Sources */ = {isa = PBXBuildFile; fileRef = 27A60D812B8F972F008EC3ED /* SelectionTabBar.swift */; };
		27A60D852B8F97F0008EC3ED /* CharacterServiceProtocol.swift in Sources */ = {isa = PBXBuildFile; fileRef = 27A60D842B8F97F0008EC3ED /* CharacterServiceProtocol.swift */; };
		27A60D872B8F99AF008EC3ED /* CharacterService.swift in Sources */ = {isa = PBXBuildFile; fileRef = 27A60D862B8F99AF008EC3ED /* CharacterService.swift */; };
		27A60D892B8F9EAB008EC3ED /* HomeViewController.swift in Sources */ = {isa = PBXBuildFile; fileRef = 27A60D882B8F9EAB008EC3ED /* HomeViewController.swift */; };
		27A60D8B2B8F9EC6008EC3ED /* SearchViewController.swift in Sources */ = {isa = PBXBuildFile; fileRef = 27A60D8A2B8F9EC6008EC3ED /* SearchViewController.swift */; };
		27A60D8D2B8F9EE6008EC3ED /* FavouritesViewController.swift in Sources */ = {isa = PBXBuildFile; fileRef = 27A60D8C2B8F9EE6008EC3ED /* FavouritesViewController.swift */; };
		27A60D922B8FB1F6008EC3ED /* FadePushAnimator.swift in Sources */ = {isa = PBXBuildFile; fileRef = 27A60D912B8FB1F6008EC3ED /* FadePushAnimator.swift */; };
/* End PBXBuildFile section */

/* Begin PBXFileReference section */
		278FCE232B909B0200992398 /* Character.swift */ = {isa = PBXFileReference; lastKnownFileType = sourcecode.swift; path = Character.swift; sourceTree = "<group>"; };
		278FCE252B90ABEA00992398 /* List.swift */ = {isa = PBXFileReference; lastKnownFileType = sourcecode.swift; path = List.swift; sourceTree = "<group>"; };
		27A60D662B8F949C008EC3ED /* NewMarvelCharacters.app */ = {isa = PBXFileReference; explicitFileType = wrapper.application; includeInIndex = 0; path = NewMarvelCharacters.app; sourceTree = BUILT_PRODUCTS_DIR; };
		27A60D692B8F949C008EC3ED /* AppDelegate.swift */ = {isa = PBXFileReference; lastKnownFileType = sourcecode.swift; path = AppDelegate.swift; sourceTree = "<group>"; };
		27A60D6B2B8F949C008EC3ED /* SceneDelegate.swift */ = {isa = PBXFileReference; lastKnownFileType = sourcecode.swift; path = SceneDelegate.swift; sourceTree = "<group>"; };
		27A60D6D2B8F949C008EC3ED /* ViewController.swift */ = {isa = PBXFileReference; lastKnownFileType = sourcecode.swift; path = ViewController.swift; sourceTree = "<group>"; };
		27A60D702B8F949C008EC3ED /* Base */ = {isa = PBXFileReference; lastKnownFileType = file.storyboard; name = Base; path = Base.lproj/Main.storyboard; sourceTree = "<group>"; };
		27A60D722B8F949F008EC3ED /* Assets.xcassets */ = {isa = PBXFileReference; lastKnownFileType = folder.assetcatalog; path = Assets.xcassets; sourceTree = "<group>"; };
		27A60D752B8F949F008EC3ED /* Base */ = {isa = PBXFileReference; lastKnownFileType = file.storyboard; name = Base; path = Base.lproj/LaunchScreen.storyboard; sourceTree = "<group>"; };
		27A60D772B8F949F008EC3ED /* Info.plist */ = {isa = PBXFileReference; lastKnownFileType = text.plist.xml; path = Info.plist; sourceTree = "<group>"; };
		27A60D812B8F972F008EC3ED /* SelectionTabBar.swift */ = {isa = PBXFileReference; lastKnownFileType = sourcecode.swift; path = SelectionTabBar.swift; sourceTree = "<group>"; };
		27A60D842B8F97F0008EC3ED /* CharacterServiceProtocol.swift */ = {isa = PBXFileReference; lastKnownFileType = sourcecode.swift; path = CharacterServiceProtocol.swift; sourceTree = "<group>"; };
		27A60D862B8F99AF008EC3ED /* CharacterService.swift */ = {isa = PBXFileReference; lastKnownFileType = sourcecode.swift; path = CharacterService.swift; sourceTree = "<group>"; };
		27A60D882B8F9EAB008EC3ED /* HomeViewController.swift */ = {isa = PBXFileReference; lastKnownFileType = sourcecode.swift; path = HomeViewController.swift; sourceTree = "<group>"; };
		27A60D8A2B8F9EC6008EC3ED /* SearchViewController.swift */ = {isa = PBXFileReference; lastKnownFileType = sourcecode.swift; path = SearchViewController.swift; sourceTree = "<group>"; };
		27A60D8C2B8F9EE6008EC3ED /* FavouritesViewController.swift */ = {isa = PBXFileReference; lastKnownFileType = sourcecode.swift; path = FavouritesViewController.swift; sourceTree = "<group>"; };
		27A60D912B8FB1F6008EC3ED /* FadePushAnimator.swift */ = {isa = PBXFileReference; lastKnownFileType = sourcecode.swift; path = FadePushAnimator.swift; sourceTree = "<group>"; };
/* End PBXFileReference section */

/* Begin PBXFrameworksBuildPhase section */
		27A60D632B8F949C008EC3ED /* Frameworks */ = {
			isa = PBXFrameworksBuildPhase;
			buildActionMask = 2147483647;
			files = (
			);
			runOnlyForDeploymentPostprocessing = 0;
		};
/* End PBXFrameworksBuildPhase section */

/* Begin PBXGroup section */
		278FCE212B908EBA00992398 /* Models */ = {
			isa = PBXGroup;
			children = (
				278FCE232B909B0200992398 /* Character.swift */,
				278FCE252B90ABEA00992398 /* List.swift */,
			);
			path = Models;
			sourceTree = "<group>";
		};
		278FCE222B908EC500992398 /* ViewModels */ = {
			isa = PBXGroup;
			children = (
			);
			path = ViewModels;
			sourceTree = "<group>";
		};
		27A60D5D2B8F949C008EC3ED = {
			isa = PBXGroup;
			children = (
				27A60D682B8F949C008EC3ED /* NewMarvelCharacters */,
				27A60D672B8F949C008EC3ED /* Products */,
			);
			sourceTree = "<group>";
		};
		27A60D672B8F949C008EC3ED /* Products */ = {
			isa = PBXGroup;
			children = (
				27A60D662B8F949C008EC3ED /* NewMarvelCharacters.app */,
			);
			name = Products;
			sourceTree = "<group>";
		};
		27A60D682B8F949C008EC3ED /* NewMarvelCharacters */ = {
			isa = PBXGroup;
			children = (
				278FCE222B908EC500992398 /* ViewModels */,
				278FCE212B908EBA00992398 /* Models */,
				27A60D8E2B8FB181008EC3ED /* Utils */,
				27A60D832B8F97B4008EC3ED /* Services */,
				27A60D7F2B8F96AE008EC3ED /* Controllers */,
				27A60D7D2B8F9545008EC3ED /* Views */,
				27A60D692B8F949C008EC3ED /* AppDelegate.swift */,
				27A60D6B2B8F949C008EC3ED /* SceneDelegate.swift */,
				27A60D6D2B8F949C008EC3ED /* ViewController.swift */,
				27A60D6F2B8F949C008EC3ED /* Main.storyboard */,
				27A60D722B8F949F008EC3ED /* Assets.xcassets */,
				27A60D742B8F949F008EC3ED /* LaunchScreen.storyboard */,
				27A60D772B8F949F008EC3ED /* Info.plist */,
			);
			path = NewMarvelCharacters;
			sourceTree = "<group>";
		};
		27A60D7D2B8F9545008EC3ED /* Views */ = {
			isa = PBXGroup;
			children = (
				27A60D7E2B8F954F008EC3ED /* Home */,
			);
			path = Views;
			sourceTree = "<group>";
		};
		27A60D7E2B8F954F008EC3ED /* Home */ = {
			isa = PBXGroup;
			children = (
			);
			path = Home;
			sourceTree = "<group>";
		};
		27A60D7F2B8F96AE008EC3ED /* Controllers */ = {
			isa = PBXGroup;
			children = (
				27A60D802B8F96B8008EC3ED /* SelectionTabBar */,
				27A60D882B8F9EAB008EC3ED /* HomeViewController.swift */,
				27A60D8A2B8F9EC6008EC3ED /* SearchViewController.swift */,
				27A60D8C2B8F9EE6008EC3ED /* FavouritesViewController.swift */,
			);
			path = Controllers;
			sourceTree = "<group>";
		};
		27A60D802B8F96B8008EC3ED /* SelectionTabBar */ = {
			isa = PBXGroup;
			children = (
				27A60D812B8F972F008EC3ED /* SelectionTabBar.swift */,
			);
			path = SelectionTabBar;
			sourceTree = "<group>";
		};
		27A60D832B8F97B4008EC3ED /* Services */ = {
			isa = PBXGroup;
			children = (
				27A60D842B8F97F0008EC3ED /* CharacterServiceProtocol.swift */,
				27A60D862B8F99AF008EC3ED /* CharacterService.swift */,
			);
			path = Services;
			sourceTree = "<group>";
		};
		27A60D8E2B8FB181008EC3ED /* Utils */ = {
			isa = PBXGroup;
			children = (
				27A60D912B8FB1F6008EC3ED /* FadePushAnimator.swift */,
			);
			path = Utils;
			sourceTree = "<group>";
		};
/* End PBXGroup section */

/* Begin PBXNativeTarget section */
		27A60D652B8F949C008EC3ED /* NewMarvelCharacters */ = {
			isa = PBXNativeTarget;
			buildConfigurationList = 27A60D7A2B8F949F008EC3ED /* Build configuration list for PBXNativeTarget "NewMarvelCharacters" */;
			buildPhases = (
				27A60D622B8F949C008EC3ED /* Sources */,
				27A60D632B8F949C008EC3ED /* Frameworks */,
				27A60D642B8F949C008EC3ED /* Resources */,
			);
			buildRules = (
			);
			dependencies = (
			);
			name = NewMarvelCharacters;
			productName = NewMarvelCharacters;
			productReference = 27A60D662B8F949C008EC3ED /* NewMarvelCharacters.app */;
			productType = "com.apple.product-type.application";
		};
/* End PBXNativeTarget section */

/* Begin PBXProject section */
		27A60D5E2B8F949C008EC3ED /* Project object */ = {
			isa = PBXProject;
			attributes = {
				BuildIndependentTargetsInParallel = 1;
				LastSwiftUpdateCheck = 1520;
				LastUpgradeCheck = 1520;
				TargetAttributes = {
					27A60D652B8F949C008EC3ED = {
						CreatedOnToolsVersion = 15.2;
					};
				};
			};
			buildConfigurationList = 27A60D612B8F949C008EC3ED /* Build configuration list for PBXProject "NewMarvelCharacters" */;
			compatibilityVersion = "Xcode 14.0";
			developmentRegion = en;
			hasScannedForEncodings = 0;
			knownRegions = (
				en,
				Base,
			);
			mainGroup = 27A60D5D2B8F949C008EC3ED;
			productRefGroup = 27A60D672B8F949C008EC3ED /* Products */;
			projectDirPath = "";
			projectRoot = "";
			targets = (
				27A60D652B8F949C008EC3ED /* NewMarvelCharacters */,
			);
		};
/* End PBXProject section */

/* Begin PBXResourcesBuildPhase section */
		27A60D642B8F949C008EC3ED /* Resources */ = {
			isa = PBXResourcesBuildPhase;
			buildActionMask = 2147483647;
			files = (
				27A60D762B8F949F008EC3ED /* LaunchScreen.storyboard in Resources */,
				27A60D732B8F949F008EC3ED /* Assets.xcassets in Resources */,
				27A60D712B8F949C008EC3ED /* Main.storyboard in Resources */,
			);
			runOnlyForDeploymentPostprocessing = 0;
		};
/* End PBXResourcesBuildPhase section */

/* Begin PBXSourcesBuildPhase section */
		27A60D622B8F949C008EC3ED /* Sources */ = {
			isa = PBXSourcesBuildPhase;
			buildActionMask = 2147483647;
			files = (
				27A60D8D2B8F9EE6008EC3ED /* FavouritesViewController.swift in Sources */,
				27A60D6E2B8F949C008EC3ED /* ViewController.swift in Sources */,
				278FCE242B909B0200992398 /* Character.swift in Sources */,
				27A60D852B8F97F0008EC3ED /* CharacterServiceProtocol.swift in Sources */,
				27A60D8B2B8F9EC6008EC3ED /* SearchViewController.swift in Sources */,
				278FCE262B90ABEA00992398 /* List.swift in Sources */,
				27A60D922B8FB1F6008EC3ED /* FadePushAnimator.swift in Sources */,
				27A60D6A2B8F949C008EC3ED /* AppDelegate.swift in Sources */,
				27A60D872B8F99AF008EC3ED /* CharacterService.swift in Sources */,
				27A60D822B8F972F008EC3ED /* SelectionTabBar.swift in Sources */,
				27A60D892B8F9EAB008EC3ED /* HomeViewController.swift in Sources */,
				27A60D6C2B8F949C008EC3ED /* SceneDelegate.swift in Sources */,
			);
			runOnlyForDeploymentPostprocessing = 0;
		};
/* End PBXSourcesBuildPhase section */

/* Begin PBXVariantGroup section */
		27A60D6F2B8F949C008EC3ED /* Main.storyboard */ = {
			isa = PBXVariantGroup;
			children = (
				27A60D702B8F949C008EC3ED /* Base */,
			);
			name = Main.storyboard;
			sourceTree = "<group>";
		};
		27A60D742B8F949F008EC3ED /* LaunchScreen.storyboard */ = {
			isa = PBXVariantGroup;
			children = (
				27A60D752B8F949F008EC3ED /* Base */,
			);
			name = LaunchScreen.storyboard;
			sourceTree = "<group>";
		};
/* End PBXVariantGroup section */

/* Begin XCBuildConfiguration section */
		27A60D782B8F949F008EC3ED /* Debug */ = {
			isa = XCBuildConfiguration;
			buildSettings = {
				ALWAYS_SEARCH_USER_PATHS = NO;
				ASSETCATALOG_COMPILER_GENERATE_SWIFT_ASSET_SYMBOL_EXTENSIONS = YES;
				CLANG_ANALYZER_NONNULL = YES;
				CLANG_ANALYZER_NUMBER_OBJECT_CONVERSION = YES_AGGRESSIVE;
				CLANG_CXX_LANGUAGE_STANDARD = "gnu++20";
				CLANG_ENABLE_MODULES = YES;
				CLANG_ENABLE_OBJC_ARC = YES;
				CLANG_ENABLE_OBJC_WEAK = YES;
				CLANG_WARN_BLOCK_CAPTURE_AUTORELEASING = YES;
				CLANG_WARN_BOOL_CONVERSION = YES;
				CLANG_WARN_COMMA = YES;
				CLANG_WARN_CONSTANT_CONVERSION = YES;
				CLANG_WARN_DEPRECATED_OBJC_IMPLEMENTATIONS = YES;
				CLANG_WARN_DIRECT_OBJC_ISA_USAGE = YES_ERROR;
				CLANG_WARN_DOCUMENTATION_COMMENTS = YES;
				CLANG_WARN_EMPTY_BODY = YES;
				CLANG_WARN_ENUM_CONVERSION = YES;
				CLANG_WARN_INFINITE_RECURSION = YES;
				CLANG_WARN_INT_CONVERSION = YES;
				CLANG_WARN_NON_LITERAL_NULL_CONVERSION = YES;
				CLANG_WARN_OBJC_IMPLICIT_RETAIN_SELF = YES;
				CLANG_WARN_OBJC_LITERAL_CONVERSION = YES;
				CLANG_WARN_OBJC_ROOT_CLASS = YES_ERROR;
				CLANG_WARN_QUOTED_INCLUDE_IN_FRAMEWORK_HEADER = YES;
				CLANG_WARN_RANGE_LOOP_ANALYSIS = YES;
				CLANG_WARN_STRICT_PROTOTYPES = YES;
				CLANG_WARN_SUSPICIOUS_MOVE = YES;
				CLANG_WARN_UNGUARDED_AVAILABILITY = YES_AGGRESSIVE;
				CLANG_WARN_UNREACHABLE_CODE = YES;
				CLANG_WARN__DUPLICATE_METHOD_MATCH = YES;
				COPY_PHASE_STRIP = NO;
				DEBUG_INFORMATION_FORMAT = dwarf;
				ENABLE_STRICT_OBJC_MSGSEND = YES;
				ENABLE_TESTABILITY = YES;
				ENABLE_USER_SCRIPT_SANDBOXING = YES;
				GCC_C_LANGUAGE_STANDARD = gnu17;
				GCC_DYNAMIC_NO_PIC = NO;
				GCC_NO_COMMON_BLOCKS = YES;
				GCC_OPTIMIZATION_LEVEL = 0;
				GCC_PREPROCESSOR_DEFINITIONS = (
					"DEBUG=1",
					"$(inherited)",
				);
				GCC_WARN_64_TO_32_BIT_CONVERSION = YES;
				GCC_WARN_ABOUT_RETURN_TYPE = YES_ERROR;
				GCC_WARN_UNDECLARED_SELECTOR = YES;
				GCC_WARN_UNINITIALIZED_AUTOS = YES_AGGRESSIVE;
				GCC_WARN_UNUSED_FUNCTION = YES;
				GCC_WARN_UNUSED_VARIABLE = YES;
				IPHONEOS_DEPLOYMENT_TARGET = 17.2;
				LOCALIZATION_PREFERS_STRING_CATALOGS = YES;
				MTL_ENABLE_DEBUG_INFO = INCLUDE_SOURCE;
				MTL_FAST_MATH = YES;
				ONLY_ACTIVE_ARCH = YES;
				SDKROOT = iphoneos;
				SWIFT_ACTIVE_COMPILATION_CONDITIONS = "DEBUG $(inherited)";
				SWIFT_OPTIMIZATION_LEVEL = "-Onone";
			};
			name = Debug;
		};
		27A60D792B8F949F008EC3ED /* Release */ = {
			isa = XCBuildConfiguration;
			buildSettings = {
				ALWAYS_SEARCH_USER_PATHS = NO;
				ASSETCATALOG_COMPILER_GENERATE_SWIFT_ASSET_SYMBOL_EXTENSIONS = YES;
				CLANG_ANALYZER_NONNULL = YES;
				CLANG_ANALYZER_NUMBER_OBJECT_CONVERSION = YES_AGGRESSIVE;
				CLANG_CXX_LANGUAGE_STANDARD = "gnu++20";
				CLANG_ENABLE_MODULES = YES;
				CLANG_ENABLE_OBJC_ARC = YES;
				CLANG_ENABLE_OBJC_WEAK = YES;
				CLANG_WARN_BLOCK_CAPTURE_AUTORELEASING = YES;
				CLANG_WARN_BOOL_CONVERSION = YES;
				CLANG_WARN_COMMA = YES;
				CLANG_WARN_CONSTANT_CONVERSION = YES;
				CLANG_WARN_DEPRECATED_OBJC_IMPLEMENTATIONS = YES;
				CLANG_WARN_DIRECT_OBJC_ISA_USAGE = YES_ERROR;
				CLANG_WARN_DOCUMENTATION_COMMENTS = YES;
				CLANG_WARN_EMPTY_BODY = YES;
				CLANG_WARN_ENUM_CONVERSION = YES;
				CLANG_WARN_INFINITE_RECURSION = YES;
				CLANG_WARN_INT_CONVERSION = YES;
				CLANG_WARN_NON_LITERAL_NULL_CONVERSION = YES;
				CLANG_WARN_OBJC_IMPLICIT_RETAIN_SELF = YES;
				CLANG_WARN_OBJC_LITERAL_CONVERSION = YES;
				CLANG_WARN_OBJC_ROOT_CLASS = YES_ERROR;
				CLANG_WARN_QUOTED_INCLUDE_IN_FRAMEWORK_HEADER = YES;
				CLANG_WARN_RANGE_LOOP_ANALYSIS = YES;
				CLANG_WARN_STRICT_PROTOTYPES = YES;
				CLANG_WARN_SUSPICIOUS_MOVE = YES;
				CLANG_WARN_UNGUARDED_AVAILABILITY = YES_AGGRESSIVE;
				CLANG_WARN_UNREACHABLE_CODE = YES;
				CLANG_WARN__DUPLICATE_METHOD_MATCH = YES;
				COPY_PHASE_STRIP = NO;
				DEBUG_INFORMATION_FORMAT = "dwarf-with-dsym";
				ENABLE_NS_ASSERTIONS = NO;
				ENABLE_STRICT_OBJC_MSGSEND = YES;
				ENABLE_USER_SCRIPT_SANDBOXING = YES;
				GCC_C_LANGUAGE_STANDARD = gnu17;
				GCC_NO_COMMON_BLOCKS = YES;
				GCC_WARN_64_TO_32_BIT_CONVERSION = YES;
				GCC_WARN_ABOUT_RETURN_TYPE = YES_ERROR;
				GCC_WARN_UNDECLARED_SELECTOR = YES;
				GCC_WARN_UNINITIALIZED_AUTOS = YES_AGGRESSIVE;
				GCC_WARN_UNUSED_FUNCTION = YES;
				GCC_WARN_UNUSED_VARIABLE = YES;
				IPHONEOS_DEPLOYMENT_TARGET = 17.2;
				LOCALIZATION_PREFERS_STRING_CATALOGS = YES;
				MTL_ENABLE_DEBUG_INFO = NO;
				MTL_FAST_MATH = YES;
				SDKROOT = iphoneos;
				SWIFT_COMPILATION_MODE = wholemodule;
				VALIDATE_PRODUCT = YES;
			};
			name = Release;
		};
		27A60D7B2B8F949F008EC3ED /* Debug */ = {
			isa = XCBuildConfiguration;
			buildSettings = {
				ASSETCATALOG_COMPILER_APPICON_NAME = AppIcon;
				ASSETCATALOG_COMPILER_GLOBAL_ACCENT_COLOR_NAME = AccentColor;
				CODE_SIGN_STYLE = Automatic;
				CURRENT_PROJECT_VERSION = 1;
				GENERATE_INFOPLIST_FILE = YES;
				INFOPLIST_FILE = NewMarvelCharacters/Info.plist;
				INFOPLIST_KEY_UIApplicationSupportsIndirectInputEvents = YES;
				INFOPLIST_KEY_UILaunchStoryboardName = LaunchScreen;
				INFOPLIST_KEY_UIMainStoryboardFile = Main;
				INFOPLIST_KEY_UISupportedInterfaceOrientations_iPad = "UIInterfaceOrientationPortrait UIInterfaceOrientationPortraitUpsideDown UIInterfaceOrientationLandscapeLeft UIInterfaceOrientationLandscapeRight";
				INFOPLIST_KEY_UISupportedInterfaceOrientations_iPhone = "UIInterfaceOrientationPortrait UIInterfaceOrientationLandscapeLeft UIInterfaceOrientationLandscapeRight";
				LD_RUNPATH_SEARCH_PATHS = (
					"$(inherited)",
					"@executable_path/Frameworks",
				);
				MARKETING_VERSION = 1.0;
				PRODUCT_BUNDLE_IDENTIFIER = miguelloureiro.NewMarvelCharacters;
				PRODUCT_NAME = "$(TARGET_NAME)";
				SWIFT_EMIT_LOC_STRINGS = YES;
				SWIFT_VERSION = 5.0;
				TARGETED_DEVICE_FAMILY = "1,2";
			};
			name = Debug;
		};
		27A60D7C2B8F949F008EC3ED /* Release */ = {
			isa = XCBuildConfiguration;
			buildSettings = {
				ASSETCATALOG_COMPILER_APPICON_NAME = AppIcon;
				ASSETCATALOG_COMPILER_GLOBAL_ACCENT_COLOR_NAME = AccentColor;
				CODE_SIGN_STYLE = Automatic;
				CURRENT_PROJECT_VERSION = 1;
				GENERATE_INFOPLIST_FILE = YES;
				INFOPLIST_FILE = NewMarvelCharacters/Info.plist;
				INFOPLIST_KEY_UIApplicationSupportsIndirectInputEvents = YES;
				INFOPLIST_KEY_UILaunchStoryboardName = LaunchScreen;
				INFOPLIST_KEY_UIMainStoryboardFile = Main;
				INFOPLIST_KEY_UISupportedInterfaceOrientations_iPad = "UIInterfaceOrientationPortrait UIInterfaceOrientationPortraitUpsideDown UIInterfaceOrientationLandscapeLeft UIInterfaceOrientationLandscapeRight";
				INFOPLIST_KEY_UISupportedInterfaceOrientations_iPhone = "UIInterfaceOrientationPortrait UIInterfaceOrientationLandscapeLeft UIInterfaceOrientationLandscapeRight";
				LD_RUNPATH_SEARCH_PATHS = (
					"$(inherited)",
					"@executable_path/Frameworks",
				);
				MARKETING_VERSION = 1.0;
				PRODUCT_BUNDLE_IDENTIFIER = miguelloureiro.NewMarvelCharacters;
				PRODUCT_NAME = "$(TARGET_NAME)";
				SWIFT_EMIT_LOC_STRINGS = YES;
				SWIFT_VERSION = 5.0;
				TARGETED_DEVICE_FAMILY = "1,2";
			};
			name = Release;
		};
/* End XCBuildConfiguration section */

/* Begin XCConfigurationList section */
		27A60D612B8F949C008EC3ED /* Build configuration list for PBXProject "NewMarvelCharacters" */ = {
			isa = XCConfigurationList;
			buildConfigurations = (
				27A60D782B8F949F008EC3ED /* Debug */,
				27A60D792B8F949F008EC3ED /* Release */,
			);
			defaultConfigurationIsVisible = 0;
			defaultConfigurationName = Release;
		};
		27A60D7A2B8F949F008EC3ED /* Build configuration list for PBXNativeTarget "NewMarvelCharacters" */ = {
			isa = XCConfigurationList;
			buildConfigurations = (
				27A60D7B2B8F949F008EC3ED /* Debug */,
				27A60D7C2B8F949F008EC3ED /* Release */,
			);
			defaultConfigurationIsVisible = 0;
			defaultConfigurationName = Release;
		};
/* End XCConfigurationList section */
	};
	rootObject = 27A60D5E2B8F949C008EC3ED /* Project object */;
}
